
Microsoft Visual Studio Solution File, Format Version 12.00
# Visual Studio Version 17
VisualStudioVersion = 17.0.31903.59
MinimumVisualStudioVersion = 10.0.40219.1
Project("{2150E333-8FDC-42A3-9474-1A3956D46DE8}") = "src", "src", "{827E0CD3-B72D-47B6-A68D-7590B98EB39B}"
EndProject
Project("{FAE04EC0-301F-11D3-BF4B-00C04F79EFBC}") = "ResearchPaperKnowledgeWorkspace.App", "src\ResearchPaperKnowledgeWorkspace.App\ResearchPaperKnowledgeWorkspace.App.csproj", "{6F90B554-64D6-4BEF-9305-37873127B7F9}"
EndProject
Project("{FAE04EC0-301F-11D3-BF4B-00C04F79EFBC}") = "ResearchPaperKnowledgeWorkspace.Core", "src\ResearchPaperKnowledgeWorkspace.Core\ResearchPaperKnowledgeWorkspace.Core.csproj", "{2883C16F-A34D-41C9-8F93-B2B1877D5DB0}"
EndProject
Project("{FAE04EC0-301F-11D3-BF4B-00C04F79EFBC}") = "ResearchPaperKnowledgeWorkspace.Infrastructure", "src\ResearchPaperKnowledgeWorkspace.Infrastructure\ResearchPaperKnowledgeWorkspace.Infrastructure.csproj", "{127C5401-E4D5-4202-B6BB-9FF1E580182B}"
EndProject
Project("{2150E333-8FDC-42A3-9474-1A3956D46DE8}") = "tests", "tests", "{0AB3BF05-4346-4AA6-1389-037BE0695223}"
EndProject
Project("{FAE04EC0-301F-11D3-BF4B-00C04F79EFBC}") = "ResearchPaperKnowledgeWorkspace.Tests", "tests\ResearchPaperKnowledgeWorkspace.Tests\ResearchPaperKnowledgeWorkspace.Tests.csproj", "{CE78C0EE-B5D4-4726-A330-7F0C518C8CC0}"
EndProject
Global
	GlobalSection(SolutionConfigurationPlatforms) = preSolution
		Debug|Any CPU = Debug|Any CPU
		Debug|x64 = Debug|x64
		Debug|x86 = Debug|x86
		Release|Any CPU = Release|Any CPU
		Release|x64 = Release|x64
		Release|x86 = Release|x86
	EndGlobalSection
	GlobalSection(ProjectConfigurationPlatforms) = postSolution
		{6F90B554-64D6-4BEF-9305-37873127B7F9}.Debug|Any CPU.ActiveCfg = Debug|Any CPU
		{6F90B554-64D6-4BEF-9305-37873127B7F9}.Debug|Any CPU.Build.0 = Debug|Any CPU
		{6F90B554-64D6-4BEF-9305-37873127B7F9}.Debug|x64.ActiveCfg = Debug|Any CPU
		{6F90B554-64D6-4BEF-9305-37873127B7F9}.Debug|x64.Build.0 = Debug|Any CPU
		{6F90B554-64D6-4BEF-9305-37873127B7F9}.Debug|x86.ActiveCfg = Debug|Any CPU
		{6F90B554-64D6-4BEF-9305-37873127B7F9}.Debug|x86.Build.0 = Debug|Any CPU
		{6F90B554-64D6-4BEF-9305-37873127B7F9}.Release|Any CPU.ActiveCfg = Release|Any CPU
		{6F90B554-64D6-4BEF-9305-37873127B7F9}.Release|Any CPU.Build.0 = Release|Any CPU
		{6F90B554-64D6-4BEF-9305-37873127B7F9}.Release|x64.ActiveCfg = Release|Any CPU
		{6F90B554-64D6-4BEF-9305-37873127B7F9}.Release|x64.Build.0 = Release|Any CPU
		{6F90B554-64D6-4BEF-9305-37873127B7F9}.Release|x86.ActiveCfg = Release|Any CPU
		{6F90B554-64D6-4BEF-9305-37873127B7F9}.Release|x86.Build.0 = Release|Any CPU
		{2883C16F-A34D-41C9-8F93-B2B1877D5DB0}.Debug|Any CPU.ActiveCfg = Debug|Any CPU
		{2883C16F-A34D-41C9-8F93-B2B1877D5DB0}.Debug|Any CPU.Build.0 = Debug|Any CPU
		{2883C16F-A34D-41C9-8F93-B2B1877D5DB0}.Debug|x64.ActiveCfg = Debug|Any CPU
		{2883C16F-A34D-41C9-8F93-B2B1877D5DB0}.Debug|x64.Build.0 = Debug|Any CPU
		{2883C16F-A34D-41C9-8F93-B2B1877D5DB0}.Debug|x86.ActiveCfg = Debug|Any CPU
		{2883C16F-A34D-41C9-8F93-B2B1877D5DB0}.Debug|x86.Build.0 = Debug|Any CPU
		{2883C16F-A34D-41C9-8F93-B2B1877D5DB0}.Release|Any CPU.ActiveCfg = Release|Any CPU
		{2883C16F-A34D-41C9-8F93-B2B1877D5DB0}.Release|Any CPU.Build.0 = Release|Any CPU
		{2883C16F-A34D-41C9-8F93-B2B1877D5DB0}.Release|x64.ActiveCfg = Release|Any CPU
		{2883C16F-A34D-41C9-8F93-B2B1877D5DB0}.Release|x64.Build.0 = Release|Any CPU
		{2883C16F-A34D-41C9-8F93-B2B1877D5DB0}.Release|x86.ActiveCfg = Release|Any CPU
		{2883C16F-A34D-41C9-8F93-B2B1877D5DB0}.Release|x86.Build.0 = Release|Any CPU
		{127C5401-E4D5-4202-B6BB-9FF1E580182B}.Debug|Any CPU.ActiveCfg = Debug|Any CPU
		{127C5401-E4D5-4202-B6BB-9FF1E580182B}.Debug|Any CPU.Build.0 = Debug|Any CPU
		{127C5401-E4D5-4202-B6BB-9FF1E580182B}.Debug|x64.ActiveCfg = Debug|Any CPU
		{127C5401-E4D5-4202-B6BB-9FF1E580182B}.Debug|x64.Build.0 = Debug|Any CPU
		{127C5401-E4D5-4202-B6BB-9FF1E580182B}.Debug|x86.ActiveCfg = Debug|Any CPU
		{127C5401-E4D5-4202-B6BB-9FF1E580182B}.Debug|x86.Build.0 = Debug|Any CPU
		{127C5401-E4D5-4202-B6BB-9FF1E580182B}.Release|Any CPU.ActiveCfg = Release|Any CPU
		{127C5401-E4D5-4202-B6BB-9FF1E580182B}.Release|Any CPU.Build.0 = Release|Any CPU
		{127C5401-E4D5-4202-B6BB-9FF1E580182B}.Release|x64.ActiveCfg = Release|Any CPU
		{127C5401-E4D5-4202-B6BB-9FF1E580182B}.Release|x64.Build.0 = Release|Any CPU
		{127C5401-E4D5-4202-B6BB-9FF1E580182B}.Release|x86.ActiveCfg = Release|Any CPU
		{127C5401-E4D5-4202-B6BB-9FF1E580182B}.Release|x86.Build.0 = Release|Any CPU
		{CE78C0EE-B5D4-4726-A330-7F0C518C8CC0}.Debug|Any CPU.ActiveCfg = Debug|Any CPU
		{CE78C0EE-B5D4-4726-A330-7F0C518C8CC0}.Debug|Any CPU.Build.0 = Debug|Any CPU
		{CE78C0EE-B5D4-4726-A330-7F0C518C8CC0}.Debug|x64.ActiveCfg = Debug|Any CPU
		{CE78C0EE-B5D4-4726-A330-7F0C518C8CC0}.Debug|x64.Build.0 = Debug|Any CPU
		{CE78C0EE-B5D4-4726-A330-7F0C518C8CC0}.Debug|x86.ActiveCfg = Debug|Any CPU
		{CE78C0EE-B5D4-4726-A330-7F0C518C8CC0}.Debug|x86.Build.0 = Debug|Any CPU
		{CE78C0EE-B5D4-4726-A330-7F0C518C8CC0}.Release|Any CPU.ActiveCfg = Release|Any CPU
		{CE78C0EE-B5D4-4726-A330-7F0C518C8CC0}.Release|Any CPU.Build.0 = Release|Any CPU
		{CE78C0EE-B5D4-4726-A330-7F0C518C8CC0}.Release|x64.ActiveCfg = Release|Any CPU
		{CE78C0EE-B5D4-4726-A330-7F0C518C8CC0}.Release|x64.Build.0 = Release|Any CPU
		{CE78C0EE-B5D4-4726-A330-7F0C518C8CC0}.Release|x86.ActiveCfg = Release|Any CPU
		{CE78C0EE-B5D4-4726-A330-7F0C518C8CC0}.Release|x86.Build.0 = Release|Any CPU
	EndGlobalSection
	GlobalSection(SolutionProperties) = preSolution
		HideSolutionNode = FALSE
	EndGlobalSection
	GlobalSection(NestedProjects) = preSolution
		{6F90B554-64D6-4BEF-9305-37873127B7F9} = {827E0CD3-B72D-47B6-A68D-7590B98EB39B}
		{2883C16F-A34D-41C9-8F93-B2B1877D5DB0} = {827E0CD3-B72D-47B6-A68D-7590B98EB39B}
		{127C5401-E4D5-4202-B6BB-9FF1E580182B} = {827E0CD3-B72D-47B6-A68D-7590B98EB39B}
		{CE78C0EE-B5D4-4726-A330-7F0C518C8CC0} = {0AB3BF05-4346-4AA6-1389-037BE0695223}
	EndGlobalSection
EndGlobal
